
Microsoft Visual Studio Solution File, Format Version 12.00
# Visual Studio 15
VisualStudioVersion = 15.0.28010.2026
MinimumVisualStudioVersion = 10.0.40219.1
Project("{FAE04EC0-301F-11D3-BF4B-00C04F79EFBC}") = "Laborat1", "Laborat1\Laborat1.csproj", "{2D61B831-F25F-4292-9E6E-6B2AF7013010}"
EndProject
Project("{FAE04EC0-301F-11D3-BF4B-00C04F79EFBC}") = "Laborat2", "ConsoleApp2\Laborat2.csproj", "{4ADE7440-F9E0-436C-AB43-C697549A081B}"
EndProject
Project("{FAE04EC0-301F-11D3-BF4B-00C04F79EFBC}") = "Laborat3", "Laborat3\Laborat3.csproj", "{2E470277-0EFC-4982-8BE8-B5FFFC8E365F}"
EndProject
Project("{FAE04EC0-301F-11D3-BF4B-00C04F79EFBC}") = "Laborat4", "Laborat4\Laborat4.csproj", "{2768A136-6FF0-43E6-BB93-92ECB1BAE982}"
EndProject
Project("{FAE04EC0-301F-11D3-BF4B-00C04F79EFBC}") = "Laborat6.1", "Laborat6.1\Laborat6.1.csproj", "{B56A29A9-2AC8-46B8-87CE-AD1220E27CE8}"
EndProject
Project("{FAE04EC0-301F-11D3-BF4B-00C04F79EFBC}") = "Laborat6.2", "Laborat6.2\Laborat6.2.csproj", "{694FD06F-0499-407E-8D1B-ED74AFB23B89}"
EndProject
Project("{FAE04EC0-301F-11D3-BF4B-00C04F79EFBC}") = "HomeWork", "HomeWork\HomeWork.csproj", "{4391C107-45E9-427E-8603-E268A104062B}"
EndProject
Project("{FAE04EC0-301F-11D3-BF4B-00C04F79EFBC}") = "Laborat5", "Laborat5\Laborat5.csproj", "{31E24A37-6E95-44C5-8FD7-9EBAC001658E}"
EndProject
Global
	GlobalSection(SolutionConfigurationPlatforms) = preSolution
		Debug|Any CPU = Debug|Any CPU
		Release|Any CPU = Release|Any CPU
	EndGlobalSection
	GlobalSection(ProjectConfigurationPlatforms) = postSolution
		{2D61B831-F25F-4292-9E6E-6B2AF7013010}.Debug|Any CPU.ActiveCfg = Debug|Any CPU
		{2D61B831-F25F-4292-9E6E-6B2AF7013010}.Debug|Any CPU.Build.0 = Debug|Any CPU
		{2D61B831-F25F-4292-9E6E-6B2AF7013010}.Release|Any CPU.ActiveCfg = Release|Any CPU
		{2D61B831-F25F-4292-9E6E-6B2AF7013010}.Release|Any CPU.Build.0 = Release|Any CPU
		{4ADE7440-F9E0-436C-AB43-C697549A081B}.Debug|Any CPU.ActiveCfg = Debug|Any CPU
		{4ADE7440-F9E0-436C-AB43-C697549A081B}.Debug|Any CPU.Build.0 = Debug|Any CPU
		{4ADE7440-F9E0-436C-AB43-C697549A081B}.Release|Any CPU.ActiveCfg = Release|Any CPU
		{4ADE7440-F9E0-436C-AB43-C697549A081B}.Release|Any CPU.Build.0 = Release|Any CPU
		{2E470277-0EFC-4982-8BE8-B5FFFC8E365F}.Debug|Any CPU.ActiveCfg = Debug|Any CPU
		{2E470277-0EFC-4982-8BE8-B5FFFC8E365F}.Debug|Any CPU.Build.0 = Debug|Any CPU
		{2E470277-0EFC-4982-8BE8-B5FFFC8E365F}.Release|Any CPU.ActiveCfg = Release|Any CPU
		{2E470277-0EFC-4982-8BE8-B5FFFC8E365F}.Release|Any CPU.Build.0 = Release|Any CPU
		{2768A136-6FF0-43E6-BB93-92ECB1BAE982}.Debug|Any CPU.ActiveCfg = Debug|Any CPU
		{2768A136-6FF0-43E6-BB93-92ECB1BAE982}.Debug|Any CPU.Build.0 = Debug|Any CPU
		{2768A136-6FF0-43E6-BB93-92ECB1BAE982}.Release|Any CPU.ActiveCfg = Release|Any CPU
		{2768A136-6FF0-43E6-BB93-92ECB1BAE982}.Release|Any CPU.Build.0 = Release|Any CPU
		{B56A29A9-2AC8-46B8-87CE-AD1220E27CE8}.Debug|Any CPU.ActiveCfg = Debug|Any CPU
		{B56A29A9-2AC8-46B8-87CE-AD1220E27CE8}.Debug|Any CPU.Build.0 = Debug|Any CPU
		{B56A29A9-2AC8-46B8-87CE-AD1220E27CE8}.Release|Any CPU.ActiveCfg = Release|Any CPU
		{B56A29A9-2AC8-46B8-87CE-AD1220E27CE8}.Release|Any CPU.Build.0 = Release|Any CPU
		{694FD06F-0499-407E-8D1B-ED74AFB23B89}.Debug|Any CPU.ActiveCfg = Debug|Any CPU
		{694FD06F-0499-407E-8D1B-ED74AFB23B89}.Debug|Any CPU.Build.0 = Debug|Any CPU
		{694FD06F-0499-407E-8D1B-ED74AFB23B89}.Release|Any CPU.ActiveCfg = Release|Any CPU
		{694FD06F-0499-407E-8D1B-ED74AFB23B89}.Release|Any CPU.Build.0 = Release|Any CPU
		{4391C107-45E9-427E-8603-E268A104062B}.Debug|Any CPU.ActiveCfg = Debug|Any CPU
		{4391C107-45E9-427E-8603-E268A104062B}.Debug|Any CPU.Build.0 = Debug|Any CPU
		{4391C107-45E9-427E-8603-E268A104062B}.Release|Any CPU.ActiveCfg = Release|Any CPU
		{4391C107-45E9-427E-8603-E268A104062B}.Release|Any CPU.Build.0 = Release|Any CPU
		{31E24A37-6E95-44C5-8FD7-9EBAC001658E}.Debug|Any CPU.ActiveCfg = Debug|Any CPU
		{31E24A37-6E95-44C5-8FD7-9EBAC001658E}.Debug|Any CPU.Build.0 = Debug|Any CPU
		{31E24A37-6E95-44C5-8FD7-9EBAC001658E}.Release|Any CPU.ActiveCfg = Release|Any CPU
		{31E24A37-6E95-44C5-8FD7-9EBAC001658E}.Release|Any CPU.Build.0 = Release|Any CPU
	EndGlobalSection
	GlobalSection(SolutionProperties) = preSolution
		HideSolutionNode = FALSE
	EndGlobalSection
	GlobalSection(ExtensibilityGlobals) = postSolution
		SolutionGuid = {C1CA4CE4-9DA8-4A68-B256-745F9B2C993D}
	EndGlobalSection
EndGlobal
